
Microsoft Visual Studio Solution File, Format Version 12.00
# Visual Studio 2013
VisualStudioVersion = 12.0.31101.0
MinimumVisualStudioVersion = 10.0.40219.1
Project("{FAE04EC0-301F-11D3-BF4B-00C04F79EFBC}") = "SharpTools", "SharpTools\SharpTools.csproj", "{CFE6B9F6-0E18-4C62-B21A-A6A2E7EA57CF}"
EndProject
Project("{FAE04EC0-301F-11D3-BF4B-00C04F79EFBC}") = "SharpTools.Test", "SharpTools.Test\SharpTools.Test.csproj", "{5A45D401-3265-475A-95C4-A870CED449F5}"
EndProject
Project("{2150E333-8FDC-42A3-9474-1A3956D46DE8}") = "Docs", "Docs", "{00BB6EEF-63BA-466A-9C2A-072F7C5E16A2}"
	ProjectSection(SolutionItems) = preProject
		README.md = README.md
	EndProjectSection
EndProject
Project("{FAE04EC0-301F-11D3-BF4B-00C04F79EFBC}") = "SharpTools.NuGet", "SharpTools.NuGet\SharpTools.NuGet.csproj", "{0451BAEF-DF2E-4B98-8644-94EE9415E389}"
EndProject
Global
	GlobalSection(SolutionConfigurationPlatforms) = preSolution
		Debug|Any CPU = Debug|Any CPU
		Debug|x64 = Debug|x64
		Debug|x86 = Debug|x86
		Release|Any CPU = Release|Any CPU
		Release|x64 = Release|x64
		Release|x86 = Release|x86
	EndGlobalSection
	GlobalSection(ProjectConfigurationPlatforms) = postSolution
		{CFE6B9F6-0E18-4C62-B21A-A6A2E7EA57CF}.Debug|Any CPU.ActiveCfg = Debug|Any CPU
		{CFE6B9F6-0E18-4C62-B21A-A6A2E7EA57CF}.Debug|Any CPU.Build.0 = Debug|Any CPU
		{CFE6B9F6-0E18-4C62-B21A-A6A2E7EA57CF}.Debug|x64.ActiveCfg = Debug|x64
		{CFE6B9F6-0E18-4C62-B21A-A6A2E7EA57CF}.Debug|x64.Build.0 = Debug|x64
		{CFE6B9F6-0E18-4C62-B21A-A6A2E7EA57CF}.Debug|x86.ActiveCfg = Debug|x86
		{CFE6B9F6-0E18-4C62-B21A-A6A2E7EA57CF}.Debug|x86.Build.0 = Debug|x86
		{CFE6B9F6-0E18-4C62-B21A-A6A2E7EA57CF}.Release|Any CPU.ActiveCfg = Release|Any CPU
		{CFE6B9F6-0E18-4C62-B21A-A6A2E7EA57CF}.Release|Any CPU.Build.0 = Release|Any CPU
		{CFE6B9F6-0E18-4C62-B21A-A6A2E7EA57CF}.Release|x64.ActiveCfg = Release|x64
		{CFE6B9F6-0E18-4C62-B21A-A6A2E7EA57CF}.Release|x64.Build.0 = Release|x64
		{CFE6B9F6-0E18-4C62-B21A-A6A2E7EA57CF}.Release|x86.ActiveCfg = Release|x86
		{CFE6B9F6-0E18-4C62-B21A-A6A2E7EA57CF}.Release|x86.Build.0 = Release|x86
		{5A45D401-3265-475A-95C4-A870CED449F5}.Debug|Any CPU.ActiveCfg = Debug|Any CPU
		{5A45D401-3265-475A-95C4-A870CED449F5}.Debug|Any CPU.Build.0 = Debug|Any CPU
		{5A45D401-3265-475A-95C4-A870CED449F5}.Debug|x64.ActiveCfg = Debug|Any CPU
		{5A45D401-3265-475A-95C4-A870CED449F5}.Debug|x86.ActiveCfg = Debug|Any CPU
		{5A45D401-3265-475A-95C4-A870CED449F5}.Release|Any CPU.ActiveCfg = Release|Any CPU
		{5A45D401-3265-475A-95C4-A870CED449F5}.Release|Any CPU.Build.0 = Release|Any CPU
		{5A45D401-3265-475A-95C4-A870CED449F5}.Release|x64.ActiveCfg = Release|Any CPU
		{5A45D401-3265-475A-95C4-A870CED449F5}.Release|x86.ActiveCfg = Release|Any CPU
		{0451BAEF-DF2E-4B98-8644-94EE9415E389}.Debug|Any CPU.ActiveCfg = Debug|Any CPU
		{0451BAEF-DF2E-4B98-8644-94EE9415E389}.Debug|Any CPU.Build.0 = Debug|Any CPU
		{0451BAEF-DF2E-4B98-8644-94EE9415E389}.Debug|x64.ActiveCfg = Debug|Any CPU
		{0451BAEF-DF2E-4B98-8644-94EE9415E389}.Debug|x86.ActiveCfg = Debug|Any CPU
		{0451BAEF-DF2E-4B98-8644-94EE9415E389}.Release|Any CPU.ActiveCfg = Release|Any CPU
		{0451BAEF-DF2E-4B98-8644-94EE9415E389}.Release|Any CPU.Build.0 = Release|Any CPU
		{0451BAEF-DF2E-4B98-8644-94EE9415E389}.Release|x64.ActiveCfg = Release|Any CPU
		{0451BAEF-DF2E-4B98-8644-94EE9415E389}.Release|x86.ActiveCfg = Release|Any CPU
	EndGlobalSection
	GlobalSection(SolutionProperties) = preSolution
		HideSolutionNode = FALSE
	EndGlobalSection
EndGlobal
